{
  "projects": [
    {
      "projectId": "rPHLiaKgVs2doeGeK5nfK5",
      "version": "latest",
      "dependencies": {},
      "lang": "ts",
      "fileLocks": [
        {
          "type": "renderModule",
          "assetId": "7OyFxXu5fN1w",
          "checksum": "f773bb8cdd9ab33fde91a07605685160"
        },
        {
          "type": "cssRules",
          "assetId": "7OyFxXu5fN1w",
          "checksum": "f773bb8cdd9ab33fde91a07605685160"
        },
        {
          "type": "renderModule",
          "assetId": "6AnE5e-hsw",
          "checksum": "a98785d92fc10cc11b16e2ad288ee33f"
        },
        {
          "type": "cssRules",
          "assetId": "6AnE5e-hsw",
          "checksum": "a98785d92fc10cc11b16e2ad288ee33f"
        },
        {
          "type": "renderModule",
          "assetId": "xZQZUUFdGP",
          "checksum": "5bc75100a66d3d5e98d9d918b821d654"
        },
        {
          "type": "cssRules",
          "assetId": "xZQZUUFdGP",
          "checksum": "5bc75100a66d3d5e98d9d918b821d654"
        },
        {
          "type": "icon",
          "assetId": "y8eaOH-HN",
          "checksum": "dfd32abe931133184d4f88a1fe708069"
        },
        {
          "type": "icon",
          "assetId": "1yK8UbNlI",
          "checksum": "41a3da509e3280e91cc2ba36062d201b"
        },
        {
          "type": "image",
          "assetId": "GIqQr0bys",
          "checksum": "cd5e170cb318cd8bfab30cef76e729a1"
        },
        {
          "assetId": "rPHLiaKgVs2doeGeK5nfK5",
          "type": "projectCss",
          "checksum": "2cb4f81ec4803310ac36c8b4994f7697"
        },
        {
          "type": "renderModule",
          "assetId": "6T15ND_Y-n",
          "checksum": "c6408b646f4ab503b8401c640057aebe"
        },
        {
          "type": "cssRules",
          "assetId": "6T15ND_Y-n",
          "checksum": "c6408b646f4ab503b8401c640057aebe"
        }
      ],
      "codegenVersion": "0.0.1"
    }
  ],
  "cliVersion": "0.1.218"
}
